{
  "requires": true,
  "lockfileVersion": 1,
  "dependencies": {
    "verovio": {
      "version": "3.9.0",
      "resolved": "https://registry.npmjs.org/verovio/-/verovio-3.9.0.tgz",
      "integrity": "sha512-uFj72m8M06XYyMEQqI7lOM6kUTxIxRB46vA8s/O7Ouecqg4BpxPBXDVNapSsypv8AO7nviEddBmTZnS4gdyW1w=="
    },
    "verovio-humdrum": {
      "version": "3.9.0",
      "resolved": "https://registry.npmjs.org/verovio-humdrum/-/verovio-humdrum-3.9.0.tgz",
      "integrity": "sha512-Gy57MzPiHuy9mpxJTBUkTKn88W6/MvfkPvk9Z38DEiM204YZcfjBDT8a7sTKzHEEifVQaR7usKdn6DUTBLVvpA=="
    }
  }
}
